{
  "version": 4,
  "terraform_version": "1.12.2",
  "serial": 6,
  "lineage": "e8f284d4-a33c-37bb-7e01-74a2741944d9",
  "outputs": {},
  "resources": [
    {
      "mode": "managed",
      "type": "aws_s3_bucket",
      "name": "my_bucket",
      "provider": "provider[\"registry.terraform.io/hashicorp/aws\"]",
      "instances": [
        {
          "schema_version": 0,
          "attributes": {
            "acceleration_status": "",
            "acl": null,
            "arn": "arn:aws:s3:::terraform-vivekmodh",
            "bucket": "terraform-vivekmodh",
            "bucket_domain_name": "terraform-vivekmodh.s3.amazonaws.com",
            "bucket_prefix": "",
            "bucket_region": "ap-south-1",
            "bucket_regional_domain_name": "terraform-vivekmodh.s3.ap-south-1.amazonaws.com",
            "cors_rule": [],
            "force_destroy": false,
            "grant": [
              {
                "id": "40b5ae65727fe83f12170d9075770d51bc0b4b6135aa33742ee5e86198ce7ed3",
                "permissions": [
                  "FULL_CONTROL"
                ],
                "type": "CanonicalUser",
                "uri": ""
              }
            ],
            "hosted_zone_id": "Z11RGJOFQNVJUP",
            "id": "terraform-vivekmodh",
            "lifecycle_rule": [],
            "logging": [],
            "object_lock_configuration": [],
            "object_lock_enabled": false,
            "policy": "",
            "region": "ap-south-1",
            "replication_configuration": [],
            "request_payer": "BucketOwner",
            "server_side_encryption_configuration": [
              {
                "rule": [
                  {
                    "apply_server_side_encryption_by_default": [
                      {
                        "kms_master_key_id": "",
                        "sse_algorithm": "AES256"
                      }
                    ],
                    "bucket_key_enabled": false
                  }
                ]
              }
            ],
            "tags": {},
            "tags_all": {},
            "timeouts": null,
            "versioning": [
              {
                "enabled": false,
                "mfa_delete": false
              }
            ],
            "website": [],
            "website_domain": null,
            "website_endpoint": null
          },
          "sensitive_attributes": [],
          "identity_schema_version": 0,
          "identity": {
            "account_id": "683772875943",
            "bucket": "terraform-vivekmodh",
            "region": "ap-south-1"
          },
          "private": "eyJlMmJmYjczMC1lY2FhLTExZTYtOGY4OC0zNDM2M2JjN2M0YzAiOnsiY3JlYXRlIjoxMjAwMDAwMDAwMDAwLCJkZWxldGUiOjM2MDAwMDAwMDAwMDAsInJlYWQiOjEyMDAwMDAwMDAwMDAsInVwZGF0ZSI6MTIwMDAwMDAwMDAwMH19"
        }
      ]
    },
    {
      "mode": "managed",
      "type": "local_file",
      "name": "my_file",
      "provider": "provider[\"registry.terraform.io/hashicorp/local\"]",
      "instances": [
        {
          "schema_version": 0,
          "attributes": {
            "content": "isn't its nice , huh",
            "content_base64": null,
            "content_base64sha256": "m8uo0D4lv2qF7pI1JnrIXb1xrExzujbAG4/UBGB0oc0=",
            "content_base64sha512": "zqH+alDn2yBoD2lSxufi611op6ZR7CxRJizw14O5UcAPGwKg5yqRrXsaBCksLHF1iJX0wGh1AB0tnZBdgneOtQ==",
            "content_md5": "b4e283dfc23ba9637297b1981a4ad6b1",
            "content_sha1": "68642668abe7ee9acb246c01b601e0146ff90dd2",
            "content_sha256": "9bcba8d03e25bf6a85ee9235267ac85dbd71ac4c73ba36c01b8fd4046074a1cd",
            "content_sha512": "cea1fe6a50e7db20680f6952c6e7e2eb5d68a7a651ec2c51262cf0d783b951c00f1b02a0e72a91ad7b1a04292c2c71758895f4c06875001d2d9d905d82778eb5",
            "directory_permission": "0777",
            "file_permission": "0777",
            "filename": "automate.txt",
            "id": "68642668abe7ee9acb246c01b601e0146ff90dd2",
            "sensitive_content": null,
            "source": null
          },
          "sensitive_attributes": [
            [
              {
                "type": "get_attr",
                "value": "sensitive_content"
              }
            ]
          ],
          "identity_schema_version": 0
        }
      ]
    }
  ],
  "check_results": null
}
